
Microsoft Visual Studio Solution File, Format Version 12.00
# Visual Studio Version 17
VisualStudioVersion = 17.4.33205.214
MinimumVisualStudioVersion = 10.0.40219.1
Project("{9A19103F-16F7-4668-BE54-9A1E7A4F7556}") = "WebApiBtk", "WebApiBtk\WebApiBtk.csproj", "{D13DC208-3E0C-42AC-A969-FD0EC43B768D}"
EndProject
Project("{9A19103F-16F7-4668-BE54-9A1E7A4F7556}") = "Entities", "Entities\Entities.csproj", "{58FDF8DC-31E5-4DF1-9AA1-195DA7D10123}"
EndProject
Project("{9A19103F-16F7-4668-BE54-9A1E7A4F7556}") = "Repositories", "Repositories\Repositories.csproj", "{92B183A6-E124-40F6-BA73-593BDDF8E786}"
EndProject
Project("{9A19103F-16F7-4668-BE54-9A1E7A4F7556}") = "Services", "Services\Services.csproj", "{7E0F2D87-7359-401C-AE00-DE36B6E93852}"
EndProject
Project("{FAE04EC0-301F-11D3-BF4B-00C04F79EFBC}") = "Presentation", "Presentation\Presentation.csproj", "{B301A55A-9963-403E-BF34-4405E1B56319}"
EndProject
Global
	GlobalSection(SolutionConfigurationPlatforms) = preSolution
		Debug|Any CPU = Debug|Any CPU
		Release|Any CPU = Release|Any CPU
	EndGlobalSection
	GlobalSection(ProjectConfigurationPlatforms) = postSolution
		{D13DC208-3E0C-42AC-A969-FD0EC43B768D}.Debug|Any CPU.ActiveCfg = Debug|Any CPU
		{D13DC208-3E0C-42AC-A969-FD0EC43B768D}.Debug|Any CPU.Build.0 = Debug|Any CPU
		{D13DC208-3E0C-42AC-A969-FD0EC43B768D}.Release|Any CPU.ActiveCfg = Release|Any CPU
		{D13DC208-3E0C-42AC-A969-FD0EC43B768D}.Release|Any CPU.Build.0 = Release|Any CPU
		{58FDF8DC-31E5-4DF1-9AA1-195DA7D10123}.Debug|Any CPU.ActiveCfg = Debug|Any CPU
		{58FDF8DC-31E5-4DF1-9AA1-195DA7D10123}.Debug|Any CPU.Build.0 = Debug|Any CPU
		{58FDF8DC-31E5-4DF1-9AA1-195DA7D10123}.Release|Any CPU.ActiveCfg = Release|Any CPU
		{58FDF8DC-31E5-4DF1-9AA1-195DA7D10123}.Release|Any CPU.Build.0 = Release|Any CPU
		{92B183A6-E124-40F6-BA73-593BDDF8E786}.Debug|Any CPU.ActiveCfg = Debug|Any CPU
		{92B183A6-E124-40F6-BA73-593BDDF8E786}.Debug|Any CPU.Build.0 = Debug|Any CPU
		{92B183A6-E124-40F6-BA73-593BDDF8E786}.Release|Any CPU.ActiveCfg = Release|Any CPU
		{92B183A6-E124-40F6-BA73-593BDDF8E786}.Release|Any CPU.Build.0 = Release|Any CPU
		{7E0F2D87-7359-401C-AE00-DE36B6E93852}.Debug|Any CPU.ActiveCfg = Debug|Any CPU
		{7E0F2D87-7359-401C-AE00-DE36B6E93852}.Debug|Any CPU.Build.0 = Debug|Any CPU
		{7E0F2D87-7359-401C-AE00-DE36B6E93852}.Release|Any CPU.ActiveCfg = Release|Any CPU
		{7E0F2D87-7359-401C-AE00-DE36B6E93852}.Release|Any CPU.Build.0 = Release|Any CPU
		{B301A55A-9963-403E-BF34-4405E1B56319}.Debug|Any CPU.ActiveCfg = Debug|Any CPU
		{B301A55A-9963-403E-BF34-4405E1B56319}.Debug|Any CPU.Build.0 = Debug|Any CPU
		{B301A55A-9963-403E-BF34-4405E1B56319}.Release|Any CPU.ActiveCfg = Release|Any CPU
		{B301A55A-9963-403E-BF34-4405E1B56319}.Release|Any CPU.Build.0 = Release|Any CPU
	EndGlobalSection
	GlobalSection(SolutionProperties) = preSolution
		HideSolutionNode = FALSE
	EndGlobalSection
	GlobalSection(ExtensibilityGlobals) = postSolution
		SolutionGuid = {1B13F69E-BB0E-4AB5-A7DA-BF7051572626}
	EndGlobalSection
EndGlobal
